// !$*UTF8*$!
{
	archiveVersion = 1;
	classes = {
	};
	objectVersion = 48;
	objects = {

/* Begin PBXBuildFile section */
		9E692CBD2076813400D29457 /* IndicatorView.swift in Sources */ = {isa = PBXBuildFile; fileRef = 9E692CBC2076813400D29457 /* IndicatorView.swift */; };
		9E692CBF2076972200D29457 /* CustomNavigationController.swift in Sources */ = {isa = PBXBuildFile; fileRef = 9E692CBE2076972200D29457 /* CustomNavigationController.swift */; };
		9E692CC52076BCAA00D29457 /* CurrencyView+TextFieldDelegate.swift in Sources */ = {isa = PBXBuildFile; fileRef = 9E692CC42076BCAA00D29457 /* CurrencyView+TextFieldDelegate.swift */; };
		9E692CC72076BCD900D29457 /* CurrencyView+PickerDelegate.swift in Sources */ = {isa = PBXBuildFile; fileRef = 9E692CC62076BCD900D29457 /* CurrencyView+PickerDelegate.swift */; };
		9ED1B9522075740700E7D0BC /* ConverionValues.swift in Sources */ = {isa = PBXBuildFile; fileRef = 9ED1B9512075740700E7D0BC /* ConverionValues.swift */; };
		9EFEC88220750D770059006D /* AppDelegate.swift in Sources */ = {isa = PBXBuildFile; fileRef = 9EFEC88120750D770059006D /* AppDelegate.swift */; };
		9EFEC88420750D770059006D /* CurrencyViewController.swift in Sources */ = {isa = PBXBuildFile; fileRef = 9EFEC88320750D770059006D /* CurrencyViewController.swift */; };
		9EFEC88720750D770059006D /* Main.storyboard in Resources */ = {isa = PBXBuildFile; fileRef = 9EFEC88520750D770059006D /* Main.storyboard */; };
		9EFEC88920750D770059006D /* Assets.xcassets in Resources */ = {isa = PBXBuildFile; fileRef = 9EFEC88820750D770059006D /* Assets.xcassets */; };
		9EFEC88C20750D770059006D /* LaunchScreen.storyboard in Resources */ = {isa = PBXBuildFile; fileRef = 9EFEC88A20750D770059006D /* LaunchScreen.storyboard */; };
		9EFEC89520750FF70059006D /* Extensions.swift in Sources */ = {isa = PBXBuildFile; fileRef = 9EFEC89420750FF70059006D /* Extensions.swift */; };
		9EFEC898207510CB0059006D /* CurrencyView.swift in Sources */ = {isa = PBXBuildFile; fileRef = 9EFEC897207510CB0059006D /* CurrencyView.swift */; };
		9EFEC89A207510DC0059006D /* BaseView.swift in Sources */ = {isa = PBXBuildFile; fileRef = 9EFEC899207510DC0059006D /* BaseView.swift */; };
		9EFEC89D207518CF0059006D /* Server.swift in Sources */ = {isa = PBXBuildFile; fileRef = 9EFEC89C207518CF0059006D /* Server.swift */; };
		9EFEC8A0207523090059006D /* Currency.swift in Sources */ = {isa = PBXBuildFile; fileRef = 9EFEC89F207523090059006D /* Currency.swift */; };
/* End PBXBuildFile section */

/* Begin PBXFileReference section */
		9E692CBC2076813400D29457 /* IndicatorView.swift */ = {isa = PBXFileReference; lastKnownFileType = sourcecode.swift; path = IndicatorView.swift; sourceTree = "<group>"; };
		9E692CBE2076972200D29457 /* CustomNavigationController.swift */ = {isa = PBXFileReference; lastKnownFileType = sourcecode.swift; path = CustomNavigationController.swift; sourceTree = "<group>"; };
		9E692CC42076BCAA00D29457 /* CurrencyView+TextFieldDelegate.swift */ = {isa = PBXFileReference; lastKnownFileType = sourcecode.swift; path = "CurrencyView+TextFieldDelegate.swift"; sourceTree = "<group>"; };
		9E692CC62076BCD900D29457 /* CurrencyView+PickerDelegate.swift */ = {isa = PBXFileReference; lastKnownFileType = sourcecode.swift; path = "CurrencyView+PickerDelegate.swift"; sourceTree = "<group>"; };
		9ED1B9512075740700E7D0BC /* ConverionValues.swift */ = {isa = PBXFileReference; lastKnownFileType = sourcecode.swift; path = ConverionValues.swift; sourceTree = "<group>"; };
		9EFEC87E20750D770059006D /* MyCurrencyConverter.app */ = {isa = PBXFileReference; explicitFileType = wrapper.application; includeInIndex = 0; path = MyCurrencyConverter.app; sourceTree = BUILT_PRODUCTS_DIR; };
		9EFEC88120750D770059006D /* AppDelegate.swift */ = {isa = PBXFileReference; lastKnownFileType = sourcecode.swift; path = AppDelegate.swift; sourceTree = "<group>"; };
		9EFEC88320750D770059006D /* CurrencyViewController.swift */ = {isa = PBXFileReference; lastKnownFileType = sourcecode.swift; path = CurrencyViewController.swift; sourceTree = "<group>"; };
		9EFEC88620750D770059006D /* Base */ = {isa = PBXFileReference; lastKnownFileType = file.storyboard; name = Base; path = Base.lproj/Main.storyboard; sourceTree = "<group>"; };
		9EFEC88820750D770059006D /* Assets.xcassets */ = {isa = PBXFileReference; lastKnownFileType = folder.assetcatalog; path = Assets.xcassets; sourceTree = "<group>"; };
		9EFEC88B20750D770059006D /* Base */ = {isa = PBXFileReference; lastKnownFileType = file.storyboard; name = Base; path = Base.lproj/LaunchScreen.storyboard; sourceTree = "<group>"; };
		9EFEC88D20750D770059006D /* Info.plist */ = {isa = PBXFileReference; lastKnownFileType = text.plist.xml; path = Info.plist; sourceTree = "<group>"; };
		9EFEC89420750FF70059006D /* Extensions.swift */ = {isa = PBXFileReference; lastKnownFileType = sourcecode.swift; path = Extensions.swift; sourceTree = "<group>"; };
		9EFEC897207510CB0059006D /* CurrencyView.swift */ = {isa = PBXFileReference; lastKnownFileType = sourcecode.swift; path = CurrencyView.swift; sourceTree = "<group>"; };
		9EFEC899207510DC0059006D /* BaseView.swift */ = {isa = PBXFileReference; lastKnownFileType = sourcecode.swift; path = BaseView.swift; sourceTree = "<group>"; };
		9EFEC89C207518CF0059006D /* Server.swift */ = {isa = PBXFileReference; lastKnownFileType = sourcecode.swift; path = Server.swift; sourceTree = "<group>"; };
		9EFEC89F207523090059006D /* Currency.swift */ = {isa = PBXFileReference; lastKnownFileType = sourcecode.swift; path = Currency.swift; sourceTree = "<group>"; };
/* End PBXFileReference section */

/* Begin PBXFrameworksBuildPhase section */
		9EFEC87B20750D770059006D /* Frameworks */ = {
			isa = PBXFrameworksBuildPhase;
			buildActionMask = 2147483647;
			files = (
			);
			runOnlyForDeploymentPostprocessing = 0;
		};
/* End PBXFrameworksBuildPhase section */

/* Begin PBXGroup section */
		9E692CC02076BC5000D29457 /* Controller */ = {
			isa = PBXGroup;
			children = (
				9EFEC88320750D770059006D /* CurrencyViewController.swift */,
			);
			path = Controller;
			sourceTree = "<group>";
		};
		9E692CC32076BC8D00D29457 /* View */ = {
			isa = PBXGroup;
			children = (
				9EFEC897207510CB0059006D /* CurrencyView.swift */,
				9E692CC62076BCD900D29457 /* CurrencyView+PickerDelegate.swift */,
				9E692CC42076BCAA00D29457 /* CurrencyView+TextFieldDelegate.swift */,
				9E692CBC2076813400D29457 /* IndicatorView.swift */,
			);
			path = View;
			sourceTree = "<group>";
		};
		9ED1B9532075740E00E7D0BC /* Model */ = {
			isa = PBXGroup;
			children = (
				9EFEC89F207523090059006D /* Currency.swift */,
				9ED1B9512075740700E7D0BC /* ConverionValues.swift */,
			);
			path = Model;
			sourceTree = "<group>";
		};
		9EFEC87520750D770059006D = {
			isa = PBXGroup;
			children = (
				9EFEC88020750D770059006D /* MyCurrencyConverter */,
				9EFEC87F20750D770059006D /* Products */,
			);
			sourceTree = "<group>";
		};
		9EFEC87F20750D770059006D /* Products */ = {
			isa = PBXGroup;
			children = (
				9EFEC87E20750D770059006D /* MyCurrencyConverter.app */,
			);
			name = Products;
			sourceTree = "<group>";
		};
		9EFEC88020750D770059006D /* MyCurrencyConverter */ = {
			isa = PBXGroup;
			children = (
				9EFEC88120750D770059006D /* AppDelegate.swift */,
				9EFEC89B2075127C0059006D /* CurrencyConverter */,
				9EFEC89E207518D30059006D /* Server API */,
				9EFEC89620750FFB0059006D /* Utils */,
				9EFEC89320750DF40059006D /* Supporting Filer */,
				9EFEC88D20750D770059006D /* Info.plist */,
			);
			path = MyCurrencyConverter;
			sourceTree = "<group>";
		};
		9EFEC89320750DF40059006D /* Supporting Filer */ = {
			isa = PBXGroup;
			children = (
				9EFEC88520750D770059006D /* Main.storyboard */,
				9EFEC88820750D770059006D /* Assets.xcassets */,
				9EFEC88A20750D770059006D /* LaunchScreen.storyboard */,
			);
			path = "Supporting Filer";
			sourceTree = "<group>";
		};
		9EFEC89620750FFB0059006D /* Utils */ = {
			isa = PBXGroup;
			children = (
				9EFEC89420750FF70059006D /* Extensions.swift */,
				9E692CBE2076972200D29457 /* CustomNavigationController.swift */,
				9EFEC899207510DC0059006D /* BaseView.swift */,
			);
			path = Utils;
			sourceTree = "<group>";
		};
		9EFEC89B2075127C0059006D /* CurrencyConverter */ = {
			isa = PBXGroup;
			children = (
				9E692CC02076BC5000D29457 /* Controller */,
				9E692CC32076BC8D00D29457 /* View */,
				9ED1B9532075740E00E7D0BC /* Model */,
			);
			path = CurrencyConverter;
			sourceTree = "<group>";
		};
		9EFEC89E207518D30059006D /* Server API */ = {
			isa = PBXGroup;
			children = (
				9EFEC89C207518CF0059006D /* Server.swift */,
			);
			path = "Server API";
			sourceTree = "<group>";
		};
/* End PBXGroup section */

/* Begin PBXNativeTarget section */
		9EFEC87D20750D770059006D /* MyCurrencyConverter */ = {
			isa = PBXNativeTarget;
			buildConfigurationList = 9EFEC89020750D770059006D /* Build configuration list for PBXNativeTarget "MyCurrencyConverter" */;
			buildPhases = (
				9EFEC87A20750D770059006D /* Sources */,
				9EFEC87B20750D770059006D /* Frameworks */,
				9EFEC87C20750D770059006D /* Resources */,
			);
			buildRules = (
			);
			dependencies = (
			);
			name = MyCurrencyConverter;
			productName = MyCurrencyConverter;
			productReference = 9EFEC87E20750D770059006D /* MyCurrencyConverter.app */;
			productType = "com.apple.product-type.application";
		};
/* End PBXNativeTarget section */

/* Begin PBXProject section */
		9EFEC87620750D770059006D /* Project object */ = {
			isa = PBXProject;
			attributes = {
				LastSwiftUpdateCheck = 0920;
				LastUpgradeCheck = 0920;
				ORGANIZATIONNAME = "Ivica Petrsoric";
				TargetAttributes = {
					9EFEC87D20750D770059006D = {
						CreatedOnToolsVersion = 9.2;
						ProvisioningStyle = Automatic;
					};
				};
			};
			buildConfigurationList = 9EFEC87920750D770059006D /* Build configuration list for PBXProject "MyCurrencyConverter" */;
			compatibilityVersion = "Xcode 8.0";
			developmentRegion = en;
			hasScannedForEncodings = 0;
			knownRegions = (
				en,
				Base,
			);
			mainGroup = 9EFEC87520750D770059006D;
			productRefGroup = 9EFEC87F20750D770059006D /* Products */;
			projectDirPath = "";
			projectRoot = "";
			targets = (
				9EFEC87D20750D770059006D /* MyCurrencyConverter */,
			);
		};
/* End PBXProject section */

/* Begin PBXResourcesBuildPhase section */
		9EFEC87C20750D770059006D /* Resources */ = {
			isa = PBXResourcesBuildPhase;
			buildActionMask = 2147483647;
			files = (
				9EFEC88C20750D770059006D /* LaunchScreen.storyboard in Resources */,
				9EFEC88920750D770059006D /* Assets.xcassets in Resources */,
				9EFEC88720750D770059006D /* Main.storyboard in Resources */,
			);
			runOnlyForDeploymentPostprocessing = 0;
		};
/* End PBXResourcesBuildPhase section */

/* Begin PBXSourcesBuildPhase section */
		9EFEC87A20750D770059006D /* Sources */ = {
			isa = PBXSourcesBuildPhase;
			buildActionMask = 2147483647;
			files = (
				9EFEC88420750D770059006D /* CurrencyViewController.swift in Sources */,
				9E692CC52076BCAA00D29457 /* CurrencyView+TextFieldDelegate.swift in Sources */,
				9EFEC89520750FF70059006D /* Extensions.swift in Sources */,
				9EFEC89A207510DC0059006D /* BaseView.swift in Sources */,
				9EFEC88220750D770059006D /* AppDelegate.swift in Sources */,
				9E692CBD2076813400D29457 /* IndicatorView.swift in Sources */,
				9E692CC72076BCD900D29457 /* CurrencyView+PickerDelegate.swift in Sources */,
				9EFEC8A0207523090059006D /* Currency.swift in Sources */,
				9E692CBF2076972200D29457 /* CustomNavigationController.swift in Sources */,
				9EFEC898207510CB0059006D /* CurrencyView.swift in Sources */,
				9EFEC89D207518CF0059006D /* Server.swift in Sources */,
				9ED1B9522075740700E7D0BC /* ConverionValues.swift in Sources */,
			);
			runOnlyForDeploymentPostprocessing = 0;
		};
/* End PBXSourcesBuildPhase section */

/* Begin PBXVariantGroup section */
		9EFEC88520750D770059006D /* Main.storyboard */ = {
			isa = PBXVariantGroup;
			children = (
				9EFEC88620750D770059006D /* Base */,
			);
			name = Main.storyboard;
			sourceTree = "<group>";
		};
		9EFEC88A20750D770059006D /* LaunchScreen.storyboard */ = {
			isa = PBXVariantGroup;
			children = (
				9EFEC88B20750D770059006D /* Base */,
			);
			name = LaunchScreen.storyboard;
			sourceTree = "<group>";
		};
/* End PBXVariantGroup section */

/* Begin XCBuildConfiguration section */
		9EFEC88E20750D770059006D /* Debug */ = {
			isa = XCBuildConfiguration;
			buildSettings = {
				ALWAYS_SEARCH_USER_PATHS = NO;
				CLANG_ANALYZER_NONNULL = YES;
				CLANG_ANALYZER_NUMBER_OBJECT_CONVERSION = YES_AGGRESSIVE;
				CLANG_CXX_LANGUAGE_STANDARD = "gnu++14";
				CLANG_CXX_LIBRARY = "libc++";
				CLANG_ENABLE_MODULES = YES;
				CLANG_ENABLE_OBJC_ARC = YES;
				CLANG_WARN_BLOCK_CAPTURE_AUTORELEASING = YES;
				CLANG_WARN_BOOL_CONVERSION = YES;
				CLANG_WARN_COMMA = YES;
				CLANG_WARN_CONSTANT_CONVERSION = YES;
				CLANG_WARN_DIRECT_OBJC_ISA_USAGE = YES_ERROR;
				CLANG_WARN_DOCUMENTATION_COMMENTS = YES;
				CLANG_WARN_EMPTY_BODY = YES;
				CLANG_WARN_ENUM_CONVERSION = YES;
				CLANG_WARN_INFINITE_RECURSION = YES;
				CLANG_WARN_INT_CONVERSION = YES;
				CLANG_WARN_NON_LITERAL_NULL_CONVERSION = YES;
				CLANG_WARN_OBJC_LITERAL_CONVERSION = YES;
				CLANG_WARN_OBJC_ROOT_CLASS = YES_ERROR;
				CLANG_WARN_RANGE_LOOP_ANALYSIS = YES;
				CLANG_WARN_STRICT_PROTOTYPES = YES;
				CLANG_WARN_SUSPICIOUS_MOVE = YES;
				CLANG_WARN_UNGUARDED_AVAILABILITY = YES_AGGRESSIVE;
				CLANG_WARN_UNREACHABLE_CODE = YES;
				CLANG_WARN__DUPLICATE_METHOD_MATCH = YES;
				CODE_SIGN_IDENTITY = "iPhone Developer";
				COPY_PHASE_STRIP = NO;
				DEBUG_INFORMATION_FORMAT = dwarf;
				ENABLE_STRICT_OBJC_MSGSEND = YES;
				ENABLE_TESTABILITY = YES;
				GCC_C_LANGUAGE_STANDARD = gnu11;
				GCC_DYNAMIC_NO_PIC = NO;
				GCC_NO_COMMON_BLOCKS = YES;
				GCC_OPTIMIZATION_LEVEL = 0;
				GCC_PREPROCESSOR_DEFINITIONS = (
					"DEBUG=1",
					"$(inherited)",
				);
				GCC_WARN_64_TO_32_BIT_CONVERSION = YES;
				GCC_WARN_ABOUT_RETURN_TYPE = YES_ERROR;
				GCC_WARN_UNDECLARED_SELECTOR = YES;
				GCC_WARN_UNINITIALIZED_AUTOS = YES_AGGRESSIVE;
				GCC_WARN_UNUSED_FUNCTION = YES;
				GCC_WARN_UNUSED_VARIABLE = YES;
				IPHONEOS_DEPLOYMENT_TARGET = 11.2;
				MTL_ENABLE_DEBUG_INFO = YES;
				ONLY_ACTIVE_ARCH = YES;
				SDKROOT = iphoneos;
				SWIFT_ACTIVE_COMPILATION_CONDITIONS = DEBUG;
				SWIFT_OPTIMIZATION_LEVEL = "-Onone";
			};
			name = Debug;
		};
		9EFEC88F20750D770059006D /* Release */ = {
			isa = XCBuildConfiguration;
			buildSettings = {
				ALWAYS_SEARCH_USER_PATHS = NO;
				CLANG_ANALYZER_NONNULL = YES;
				CLANG_ANALYZER_NUMBER_OBJECT_CONVERSION = YES_AGGRESSIVE;
				CLANG_CXX_LANGUAGE_STANDARD = "gnu++14";
				CLANG_CXX_LIBRARY = "libc++";
				CLANG_ENABLE_MODULES = YES;
				CLANG_ENABLE_OBJC_ARC = YES;
				CLANG_WARN_BLOCK_CAPTURE_AUTORELEASING = YES;
				CLANG_WARN_BOOL_CONVERSION = YES;
				CLANG_WARN_COMMA = YES;
				CLANG_WARN_CONSTANT_CONVERSION = YES;
				CLANG_WARN_DIRECT_OBJC_ISA_USAGE = YES_ERROR;
				CLANG_WARN_DOCUMENTATION_COMMENTS = YES;
				CLANG_WARN_EMPTY_BODY = YES;
				CLANG_WARN_ENUM_CONVERSION = YES;
				CLANG_WARN_INFINITE_RECURSION = YES;
				CLANG_WARN_INT_CONVERSION = YES;
				CLANG_WARN_NON_LITERAL_NULL_CONVERSION = YES;
				CLANG_WARN_OBJC_LITERAL_CONVERSION = YES;
				CLANG_WARN_OBJC_ROOT_CLASS = YES_ERROR;
				CLANG_WARN_RANGE_LOOP_ANALYSIS = YES;
				CLANG_WARN_STRICT_PROTOTYPES = YES;
				CLANG_WARN_SUSPICIOUS_MOVE = YES;
				CLANG_WARN_UNGUARDED_AVAILABILITY = YES_AGGRESSIVE;
				CLANG_WARN_UNREACHABLE_CODE = YES;
				CLANG_WARN__DUPLICATE_METHOD_MATCH = YES;
				CODE_SIGN_IDENTITY = "iPhone Developer";
				COPY_PHASE_STRIP = NO;
				DEBUG_INFORMATION_FORMAT = "dwarf-with-dsym";
				ENABLE_NS_ASSERTIONS = NO;
				ENABLE_STRICT_OBJC_MSGSEND = YES;
				GCC_C_LANGUAGE_STANDARD = gnu11;
				GCC_NO_COMMON_BLOCKS = YES;
				GCC_WARN_64_TO_32_BIT_CONVERSION = YES;
				GCC_WARN_ABOUT_RETURN_TYPE = YES_ERROR;
				GCC_WARN_UNDECLARED_SELECTOR = YES;
				GCC_WARN_UNINITIALIZED_AUTOS = YES_AGGRESSIVE;
				GCC_WARN_UNUSED_FUNCTION = YES;
				GCC_WARN_UNUSED_VARIABLE = YES;
				IPHONEOS_DEPLOYMENT_TARGET = 11.2;
				MTL_ENABLE_DEBUG_INFO = NO;
				SDKROOT = iphoneos;
				SWIFT_OPTIMIZATION_LEVEL = "-Owholemodule";
				VALIDATE_PRODUCT = YES;
			};
			name = Release;
		};
		9EFEC89120750D770059006D /* Debug */ = {
			isa = XCBuildConfiguration;
			buildSettings = {
				ASSETCATALOG_COMPILER_APPICON_NAME = AppIcon;
				CODE_SIGN_STYLE = Automatic;
				DEVELOPMENT_TEAM = 74PDM76YJS;
				INFOPLIST_FILE = MyCurrencyConverter/Info.plist;
				LD_RUNPATH_SEARCH_PATHS = "$(inherited) @executable_path/Frameworks";
				PRODUCT_BUNDLE_IDENTIFIER = com.IvicaPetrsoric.MyCurrencyConverter;
				PRODUCT_NAME = "$(TARGET_NAME)";
				SWIFT_VERSION = 4.0;
				TARGETED_DEVICE_FAMILY = "1,2";
			};
			name = Debug;
		};
		9EFEC89220750D770059006D /* Release */ = {
			isa = XCBuildConfiguration;
			buildSettings = {
				ASSETCATALOG_COMPILER_APPICON_NAME = AppIcon;
				CODE_SIGN_STYLE = Automatic;
				DEVELOPMENT_TEAM = 74PDM76YJS;
				INFOPLIST_FILE = MyCurrencyConverter/Info.plist;
				LD_RUNPATH_SEARCH_PATHS = "$(inherited) @executable_path/Frameworks";
				PRODUCT_BUNDLE_IDENTIFIER = com.IvicaPetrsoric.MyCurrencyConverter;
				PRODUCT_NAME = "$(TARGET_NAME)";
				SWIFT_VERSION = 4.0;
				TARGETED_DEVICE_FAMILY = "1,2";
			};
			name = Release;
		};
/* End XCBuildConfiguration section */

/* Begin XCConfigurationList section */
		9EFEC87920750D770059006D /* Build configuration list for PBXProject "MyCurrencyConverter" */ = {
			isa = XCConfigurationList;
			buildConfigurations = (
				9EFEC88E20750D770059006D /* Debug */,
				9EFEC88F20750D770059006D /* Release */,
			);
			defaultConfigurationIsVisible = 0;
			defaultConfigurationName = Release;
		};
		9EFEC89020750D770059006D /* Build configuration list for PBXNativeTarget "MyCurrencyConverter" */ = {
			isa = XCConfigurationList;
			buildConfigurations = (
				9EFEC89120750D770059006D /* Debug */,
				9EFEC89220750D770059006D /* Release */,
			);
			defaultConfigurationIsVisible = 0;
			defaultConfigurationName = Release;
		};
/* End XCConfigurationList section */
	};
	rootObject = 9EFEC87620750D770059006D /* Project object */;
}
